
Microsoft Visual Studio Solution File, Format Version 12.00
# Visual Studio 2015
Project("{FAE04EC0-301F-11D3-BF4B-00C04F79EFBC}") = "CardGame.CSharp", "CardGame.CSharp.csproj", "{365C1BA5-BC56-07CC-D4AD-37D30A4D619D}"
EndProject
Project("{FAE04EC0-301F-11D3-BF4B-00C04F79EFBC}") = "CardGame.CSharp.Editor", "CardGame.CSharp.Editor.csproj", "{97EB9459-B21C-3BF8-1E54-EFFABD445CA6}"
EndProject
Project("{5697748A-77EF-44CA-8824-4F5637E5945B}") = "Lua1", "Assets\StreamingAssets\Lua1.luaproj", "{E439935D-B2A2-46AE-856D-2AA408428F33}"
EndProject
Global
	GlobalSection(SolutionConfigurationPlatforms) = preSolution
		Debug|Any CPU = Debug|Any CPU
		Release|Any CPU = Release|Any CPU
	EndGlobalSection
	GlobalSection(ProjectConfigurationPlatforms) = postSolution
		{365C1BA5-BC56-07CC-D4AD-37D30A4D619D}.Debug|Any CPU.ActiveCfg = Debug|Any CPU
		{365C1BA5-BC56-07CC-D4AD-37D30A4D619D}.Debug|Any CPU.Build.0 = Debug|Any CPU
		{365C1BA5-BC56-07CC-D4AD-37D30A4D619D}.Release|Any CPU.ActiveCfg = Release|Any CPU
		{365C1BA5-BC56-07CC-D4AD-37D30A4D619D}.Release|Any CPU.Build.0 = Release|Any CPU
		{97EB9459-B21C-3BF8-1E54-EFFABD445CA6}.Debug|Any CPU.ActiveCfg = Debug|Any CPU
		{97EB9459-B21C-3BF8-1E54-EFFABD445CA6}.Debug|Any CPU.Build.0 = Debug|Any CPU
		{97EB9459-B21C-3BF8-1E54-EFFABD445CA6}.Release|Any CPU.ActiveCfg = Release|Any CPU
		{97EB9459-B21C-3BF8-1E54-EFFABD445CA6}.Release|Any CPU.Build.0 = Release|Any CPU
		{E439935D-B2A2-46AE-856D-2AA408428F33}.Debug|Any CPU.ActiveCfg = Debug|Any CPU
		{E439935D-B2A2-46AE-856D-2AA408428F33}.Debug|Any CPU.Build.0 = Debug|Any CPU
		{E439935D-B2A2-46AE-856D-2AA408428F33}.Release|Any CPU.ActiveCfg = Release|Any CPU
		{E439935D-B2A2-46AE-856D-2AA408428F33}.Release|Any CPU.Build.0 = Release|Any CPU
	EndGlobalSection
	GlobalSection(SolutionProperties) = preSolution
		HideSolutionNode = FALSE
	EndGlobalSection
EndGlobal
